// !$*UTF8*$!
{
	archiveVersion = 1;
	classes = {
	};
	objectVersion = 51;
	objects = {

/* Begin PBXBuildFile section */
		034C2940809EE39F3FCC00F0 /* Pods_CSE438_Final_Project_CSE438_Final_ProjectUITests.framework in Frameworks */ = {isa = PBXBuildFile; fileRef = 3B8CB862192371629B86E402 /* Pods_CSE438_Final_Project_CSE438_Final_ProjectUITests.framework */; };
		4C507B3424C8BE680065CADE /* AppDelegate.swift in Sources */ = {isa = PBXBuildFile; fileRef = 4C507B3324C8BE680065CADE /* AppDelegate.swift */; };
		4C507B3624C8BE680065CADE /* SceneDelegate.swift in Sources */ = {isa = PBXBuildFile; fileRef = 4C507B3524C8BE680065CADE /* SceneDelegate.swift */; };
		4C507B3824C8BE680065CADE /* LogInViewController.swift in Sources */ = {isa = PBXBuildFile; fileRef = 4C507B3724C8BE680065CADE /* LogInViewController.swift */; };
		4C507B3B24C8BE680065CADE /* Main.storyboard in Resources */ = {isa = PBXBuildFile; fileRef = 4C507B3924C8BE680065CADE /* Main.storyboard */; };
		4C507B3D24C8BE6A0065CADE /* Assets.xcassets in Resources */ = {isa = PBXBuildFile; fileRef = 4C507B3C24C8BE6A0065CADE /* Assets.xcassets */; };
		4C507B4024C8BE6A0065CADE /* LaunchScreen.storyboard in Resources */ = {isa = PBXBuildFile; fileRef = 4C507B3E24C8BE6A0065CADE /* LaunchScreen.storyboard */; };
		4C507B4B24C8BE6A0065CADE /* CSE438_Final_ProjectTests.swift in Sources */ = {isa = PBXBuildFile; fileRef = 4C507B4A24C8BE6A0065CADE /* CSE438_Final_ProjectTests.swift */; };
		4C507B5624C8BE6A0065CADE /* CSE438_Final_ProjectUITests.swift in Sources */ = {isa = PBXBuildFile; fileRef = 4C507B5524C8BE6A0065CADE /* CSE438_Final_ProjectUITests.swift */; };
		4C507B6424C8BF560065CADE /* SearchViewController.swift in Sources */ = {isa = PBXBuildFile; fileRef = 4C507B6324C8BF560065CADE /* SearchViewController.swift */; };
		4C507B6E24C93DCE0065CADE /* department.swift in Sources */ = {isa = PBXBuildFile; fileRef = 4C507B6D24C93DCE0065CADE /* department.swift */; };
		4C507B7224C93E0D0065CADE /* departmentCell.swift in Sources */ = {isa = PBXBuildFile; fileRef = 4C507B7124C93E0D0065CADE /* departmentCell.swift */; };
		4C6EEDDE24C9520100A2BA8B /* Search.storyboard in Resources */ = {isa = PBXBuildFile; fileRef = 4C6EEDDC24C9520100A2BA8B /* Search.storyboard */; };
		4CB16FCD24CFDE57001D9FE2 /* ResultViewController.swift in Sources */ = {isa = PBXBuildFile; fileRef = 4CB16FCC24CFDE57001D9FE2 /* ResultViewController.swift */; };
		4CB16FD024CFE8D2001D9FE2 /* Result.storyboard in Resources */ = {isa = PBXBuildFile; fileRef = 4CB16FCE24CFE8D2001D9FE2 /* Result.storyboard */; };
		4CB16FD324CFE9AA001D9FE2 /* Detail.storyboard in Resources */ = {isa = PBXBuildFile; fileRef = 4CB16FD124CFE9AA001D9FE2 /* Detail.storyboard */; };
		4CB16FD524D0ABDD001D9FE2 /* ResultCourse.swift in Sources */ = {isa = PBXBuildFile; fileRef = 4CB16FD424D0ABDD001D9FE2 /* ResultCourse.swift */; };
		6CCE477CBDBB5E17346DC531 /* Pods_CSE438_Final_Project.framework in Frameworks */ = {isa = PBXBuildFile; fileRef = EB7FE128E03F3C6FFD1A05AE /* Pods_CSE438_Final_Project.framework */; };
		82537FE324C912B700AA867E /* GoogleService-Info.plist in Resources */ = {isa = PBXBuildFile; fileRef = 82537FE224C912B700AA867E /* GoogleService-Info.plist */; };
		C01BE3CEE6D0A0523FE246B8 /* Pods_CSE438_Final_ProjectTests.framework in Frameworks */ = {isa = PBXBuildFile; fileRef = D8DB807A365DA679C077FD3C /* Pods_CSE438_Final_ProjectTests.framework */; };
		E824A42B24CA155C00DB47FD /* CourseDetailViewController.swift in Sources */ = {isa = PBXBuildFile; fileRef = E824A42A24CA155B00DB47FD /* CourseDetailViewController.swift */; };
		E824A42D24CA156A00DB47FD /* Course.swift in Sources */ = {isa = PBXBuildFile; fileRef = E824A42C24CA156A00DB47FD /* Course.swift */; };
		E89B33AA24D0CAA30024647E /* CourseInfoViewController.swift in Sources */ = {isa = PBXBuildFile; fileRef = E89B33A924D0CAA30024647E /* CourseInfoViewController.swift */; };
		E89B33AC24D0FDF10024647E /* Section.swift in Sources */ = {isa = PBXBuildFile; fileRef = E89B33AB24D0FDF10024647E /* Section.swift */; };
		E89B33AE24D1245F0024647E /* StatsViewController.swift in Sources */ = {isa = PBXBuildFile; fileRef = E89B33AD24D1245F0024647E /* StatsViewController.swift */; };
/* End PBXBuildFile section */

/* Begin PBXContainerItemProxy section */
		4C507B4724C8BE6A0065CADE /* PBXContainerItemProxy */ = {
			isa = PBXContainerItemProxy;
			containerPortal = 4C507B2824C8BE680065CADE /* Project object */;
			proxyType = 1;
			remoteGlobalIDString = 4C507B2F24C8BE680065CADE;
			remoteInfo = "CSE438 Final Project";
		};
		4C507B5224C8BE6A0065CADE /* PBXContainerItemProxy */ = {
			isa = PBXContainerItemProxy;
			containerPortal = 4C507B2824C8BE680065CADE /* Project object */;
			proxyType = 1;
			remoteGlobalIDString = 4C507B2F24C8BE680065CADE;
			remoteInfo = "CSE438 Final Project";
		};
/* End PBXContainerItemProxy section */

/* Begin PBXFileReference section */
		053E12508F61AFBAB9923047 /* Pods-CSE438 Final Project.debug.xcconfig */ = {isa = PBXFileReference; includeInIndex = 1; lastKnownFileType = text.xcconfig; name = "Pods-CSE438 Final Project.debug.xcconfig"; path = "Target Support Files/Pods-CSE438 Final Project/Pods-CSE438 Final Project.debug.xcconfig"; sourceTree = "<group>"; };
		3B8CB862192371629B86E402 /* Pods_CSE438_Final_Project_CSE438_Final_ProjectUITests.framework */ = {isa = PBXFileReference; explicitFileType = wrapper.framework; includeInIndex = 0; path = Pods_CSE438_Final_Project_CSE438_Final_ProjectUITests.framework; sourceTree = BUILT_PRODUCTS_DIR; };
		4C507B3024C8BE680065CADE /* CSE438 Final Project.app */ = {isa = PBXFileReference; explicitFileType = wrapper.application; includeInIndex = 0; path = "CSE438 Final Project.app"; sourceTree = BUILT_PRODUCTS_DIR; };
		4C507B3324C8BE680065CADE /* AppDelegate.swift */ = {isa = PBXFileReference; lastKnownFileType = sourcecode.swift; path = AppDelegate.swift; sourceTree = "<group>"; };
		4C507B3524C8BE680065CADE /* SceneDelegate.swift */ = {isa = PBXFileReference; lastKnownFileType = sourcecode.swift; path = SceneDelegate.swift; sourceTree = "<group>"; };
		4C507B3724C8BE680065CADE /* LogInViewController.swift */ = {isa = PBXFileReference; lastKnownFileType = sourcecode.swift; path = LogInViewController.swift; sourceTree = "<group>"; };
		4C507B3A24C8BE680065CADE /* Base */ = {isa = PBXFileReference; lastKnownFileType = file.storyboard; name = Base; path = Base.lproj/Main.storyboard; sourceTree = "<group>"; };
		4C507B3C24C8BE6A0065CADE /* Assets.xcassets */ = {isa = PBXFileReference; lastKnownFileType = folder.assetcatalog; path = Assets.xcassets; sourceTree = "<group>"; };
		4C507B3F24C8BE6A0065CADE /* Base */ = {isa = PBXFileReference; lastKnownFileType = file.storyboard; name = Base; path = Base.lproj/LaunchScreen.storyboard; sourceTree = "<group>"; };
		4C507B4124C8BE6A0065CADE /* Info.plist */ = {isa = PBXFileReference; lastKnownFileType = text.plist.xml; path = Info.plist; sourceTree = "<group>"; };
		4C507B4624C8BE6A0065CADE /* CSE438 Final ProjectTests.xctest */ = {isa = PBXFileReference; explicitFileType = wrapper.cfbundle; includeInIndex = 0; path = "CSE438 Final ProjectTests.xctest"; sourceTree = BUILT_PRODUCTS_DIR; };
		4C507B4A24C8BE6A0065CADE /* CSE438_Final_ProjectTests.swift */ = {isa = PBXFileReference; lastKnownFileType = sourcecode.swift; path = CSE438_Final_ProjectTests.swift; sourceTree = "<group>"; };
		4C507B4C24C8BE6A0065CADE /* Info.plist */ = {isa = PBXFileReference; lastKnownFileType = text.plist.xml; path = Info.plist; sourceTree = "<group>"; };
		4C507B5124C8BE6A0065CADE /* CSE438 Final ProjectUITests.xctest */ = {isa = PBXFileReference; explicitFileType = wrapper.cfbundle; includeInIndex = 0; path = "CSE438 Final ProjectUITests.xctest"; sourceTree = BUILT_PRODUCTS_DIR; };
		4C507B5524C8BE6A0065CADE /* CSE438_Final_ProjectUITests.swift */ = {isa = PBXFileReference; lastKnownFileType = sourcecode.swift; path = CSE438_Final_ProjectUITests.swift; sourceTree = "<group>"; };
		4C507B5724C8BE6A0065CADE /* Info.plist */ = {isa = PBXFileReference; lastKnownFileType = text.plist.xml; path = Info.plist; sourceTree = "<group>"; };
		4C507B6324C8BF560065CADE /* SearchViewController.swift */ = {isa = PBXFileReference; lastKnownFileType = sourcecode.swift; path = SearchViewController.swift; sourceTree = "<group>"; };
		4C507B6D24C93DCE0065CADE /* department.swift */ = {isa = PBXFileReference; lastKnownFileType = sourcecode.swift; path = department.swift; sourceTree = "<group>"; };
		4C507B7124C93E0D0065CADE /* departmentCell.swift */ = {isa = PBXFileReference; lastKnownFileType = sourcecode.swift; path = departmentCell.swift; sourceTree = "<group>"; };
		4C6EEDDD24C9520100A2BA8B /* Base */ = {isa = PBXFileReference; lastKnownFileType = file.storyboard; name = Base; path = Base.lproj/Search.storyboard; sourceTree = "<group>"; };
		4CB16FCC24CFDE57001D9FE2 /* ResultViewController.swift */ = {isa = PBXFileReference; lastKnownFileType = sourcecode.swift; path = ResultViewController.swift; sourceTree = "<group>"; };
		4CB16FCF24CFE8D2001D9FE2 /* Base */ = {isa = PBXFileReference; lastKnownFileType = file.storyboard; name = Base; path = Base.lproj/Result.storyboard; sourceTree = "<group>"; };
		4CB16FD224CFE9AA001D9FE2 /* Base */ = {isa = PBXFileReference; lastKnownFileType = file.storyboard; name = Base; path = Base.lproj/Detail.storyboard; sourceTree = "<group>"; };
		4CB16FD424D0ABDD001D9FE2 /* ResultCourse.swift */ = {isa = PBXFileReference; lastKnownFileType = sourcecode.swift; path = ResultCourse.swift; sourceTree = "<group>"; };
		4CB16FD624D0BB93001D9FE2 /* README.md */ = {isa = PBXFileReference; lastKnownFileType = net.daringfireball.markdown; path = README.md; sourceTree = "<group>"; };
		82537FDF24C90E1400AA867E /* CSE438 Final Project.entitlements */ = {isa = PBXFileReference; lastKnownFileType = text.plist.entitlements; path = "CSE438 Final Project.entitlements"; sourceTree = "<group>"; };
		82537FE224C912B700AA867E /* GoogleService-Info.plist */ = {isa = PBXFileReference; fileEncoding = 4; lastKnownFileType = text.plist.xml; path = "GoogleService-Info.plist"; sourceTree = "<group>"; };
		9623840A00100084C6E8DF7E /* Pods-CSE438 Final Project.release.xcconfig */ = {isa = PBXFileReference; includeInIndex = 1; lastKnownFileType = text.xcconfig; name = "Pods-CSE438 Final Project.release.xcconfig"; path = "Target Support Files/Pods-CSE438 Final Project/Pods-CSE438 Final Project.release.xcconfig"; sourceTree = "<group>"; };
		CAFBBD436D72E19A7C5D605D /* Pods-CSE438 Final ProjectTests.release.xcconfig */ = {isa = PBXFileReference; includeInIndex = 1; lastKnownFileType = text.xcconfig; name = "Pods-CSE438 Final ProjectTests.release.xcconfig"; path = "Target Support Files/Pods-CSE438 Final ProjectTests/Pods-CSE438 Final ProjectTests.release.xcconfig"; sourceTree = "<group>"; };
		CC2DC004AADC1F5DAE14E347 /* Pods-CSE438 Final ProjectTests.debug.xcconfig */ = {isa = PBXFileReference; includeInIndex = 1; lastKnownFileType = text.xcconfig; name = "Pods-CSE438 Final ProjectTests.debug.xcconfig"; path = "Target Support Files/Pods-CSE438 Final ProjectTests/Pods-CSE438 Final ProjectTests.debug.xcconfig"; sourceTree = "<group>"; };
		CDF329E7DB92F256956B6E62 /* Pods-CSE438 Final Project-CSE438 Final ProjectUITests.release.xcconfig */ = {isa = PBXFileReference; includeInIndex = 1; lastKnownFileType = text.xcconfig; name = "Pods-CSE438 Final Project-CSE438 Final ProjectUITests.release.xcconfig"; path = "Target Support Files/Pods-CSE438 Final Project-CSE438 Final ProjectUITests/Pods-CSE438 Final Project-CSE438 Final ProjectUITests.release.xcconfig"; sourceTree = "<group>"; };
		D8DB807A365DA679C077FD3C /* Pods_CSE438_Final_ProjectTests.framework */ = {isa = PBXFileReference; explicitFileType = wrapper.framework; includeInIndex = 0; path = Pods_CSE438_Final_ProjectTests.framework; sourceTree = BUILT_PRODUCTS_DIR; };
		DD5334C4E6CEBB70EFDDE06E /* Pods-CSE438 Final Project-CSE438 Final ProjectUITests.debug.xcconfig */ = {isa = PBXFileReference; includeInIndex = 1; lastKnownFileType = text.xcconfig; name = "Pods-CSE438 Final Project-CSE438 Final ProjectUITests.debug.xcconfig"; path = "Target Support Files/Pods-CSE438 Final Project-CSE438 Final ProjectUITests/Pods-CSE438 Final Project-CSE438 Final ProjectUITests.debug.xcconfig"; sourceTree = "<group>"; };
		E824A42A24CA155B00DB47FD /* CourseDetailViewController.swift */ = {isa = PBXFileReference; lastKnownFileType = sourcecode.swift; path = CourseDetailViewController.swift; sourceTree = "<group>"; };
		E824A42C24CA156A00DB47FD /* Course.swift */ = {isa = PBXFileReference; lastKnownFileType = sourcecode.swift; path = Course.swift; sourceTree = "<group>"; };
		E89B33A924D0CAA30024647E /* CourseInfoViewController.swift */ = {isa = PBXFileReference; lastKnownFileType = sourcecode.swift; path = CourseInfoViewController.swift; sourceTree = "<group>"; };
		E89B33AB24D0FDF10024647E /* Section.swift */ = {isa = PBXFileReference; lastKnownFileType = sourcecode.swift; path = Section.swift; sourceTree = "<group>"; };
		E89B33AD24D1245F0024647E /* StatsViewController.swift */ = {isa = PBXFileReference; lastKnownFileType = sourcecode.swift; path = StatsViewController.swift; sourceTree = "<group>"; };
		EB7FE128E03F3C6FFD1A05AE /* Pods_CSE438_Final_Project.framework */ = {isa = PBXFileReference; explicitFileType = wrapper.framework; includeInIndex = 0; path = Pods_CSE438_Final_Project.framework; sourceTree = BUILT_PRODUCTS_DIR; };
/* End PBXFileReference section */

/* Begin PBXFrameworksBuildPhase section */
		4C507B2D24C8BE680065CADE /* Frameworks */ = {
			isa = PBXFrameworksBuildPhase;
			buildActionMask = 2147483647;
			files = (
				6CCE477CBDBB5E17346DC531 /* Pods_CSE438_Final_Project.framework in Frameworks */,
			);
			runOnlyForDeploymentPostprocessing = 0;
		};
		4C507B4324C8BE6A0065CADE /* Frameworks */ = {
			isa = PBXFrameworksBuildPhase;
			buildActionMask = 2147483647;
			files = (
				C01BE3CEE6D0A0523FE246B8 /* Pods_CSE438_Final_ProjectTests.framework in Frameworks */,
			);
			runOnlyForDeploymentPostprocessing = 0;
		};
		4C507B4E24C8BE6A0065CADE /* Frameworks */ = {
			isa = PBXFrameworksBuildPhase;
			buildActionMask = 2147483647;
			files = (
				034C2940809EE39F3FCC00F0 /* Pods_CSE438_Final_Project_CSE438_Final_ProjectUITests.framework in Frameworks */,
			);
			runOnlyForDeploymentPostprocessing = 0;
		};
/* End PBXFrameworksBuildPhase section */

/* Begin PBXGroup section */
		015951801142D0A2F371CCBA /* Pods */ = {
			isa = PBXGroup;
			children = (
				053E12508F61AFBAB9923047 /* Pods-CSE438 Final Project.debug.xcconfig */,
				9623840A00100084C6E8DF7E /* Pods-CSE438 Final Project.release.xcconfig */,
				DD5334C4E6CEBB70EFDDE06E /* Pods-CSE438 Final Project-CSE438 Final ProjectUITests.debug.xcconfig */,
				CDF329E7DB92F256956B6E62 /* Pods-CSE438 Final Project-CSE438 Final ProjectUITests.release.xcconfig */,
				CC2DC004AADC1F5DAE14E347 /* Pods-CSE438 Final ProjectTests.debug.xcconfig */,
				CAFBBD436D72E19A7C5D605D /* Pods-CSE438 Final ProjectTests.release.xcconfig */,
			);
			path = Pods;
			sourceTree = "<group>";
		};
		4C507B2724C8BE680065CADE = {
			isa = PBXGroup;
			children = (
				4C507B3224C8BE680065CADE /* CSE438 Final Project */,
				4C507B4924C8BE6A0065CADE /* CSE438 Final ProjectTests */,
				4C507B5424C8BE6A0065CADE /* CSE438 Final ProjectUITests */,
				4C507B3124C8BE680065CADE /* Products */,
				015951801142D0A2F371CCBA /* Pods */,
				7EFA296198AE03709D5D7185 /* Frameworks */,
			);
			sourceTree = "<group>";
		};
		4C507B3124C8BE680065CADE /* Products */ = {
			isa = PBXGroup;
			children = (
				4C507B3024C8BE680065CADE /* CSE438 Final Project.app */,
				4C507B4624C8BE6A0065CADE /* CSE438 Final ProjectTests.xctest */,
				4C507B5124C8BE6A0065CADE /* CSE438 Final ProjectUITests.xctest */,
			);
			name = Products;
			sourceTree = "<group>";
		};
		4C507B3224C8BE680065CADE /* CSE438 Final Project */ = {
			isa = PBXGroup;
			children = (
				4CB16FD124CFE9AA001D9FE2 /* Detail.storyboard */,
				E89B33A924D0CAA30024647E /* CourseInfoViewController.swift */,
				4CB16FCE24CFE8D2001D9FE2 /* Result.storyboard */,
				4C6EEDDC24C9520100A2BA8B /* Search.storyboard */,
				82537FDF24C90E1400AA867E /* CSE438 Final Project.entitlements */,
				4C507B3324C8BE680065CADE /* AppDelegate.swift */,
				4C507B3524C8BE680065CADE /* SceneDelegate.swift */,
				82537FE224C912B700AA867E /* GoogleService-Info.plist */,
				4C507B3724C8BE680065CADE /* LogInViewController.swift */,
				4C507B3924C8BE680065CADE /* Main.storyboard */,
				4C507B3C24C8BE6A0065CADE /* Assets.xcassets */,
				4C507B3E24C8BE6A0065CADE /* LaunchScreen.storyboard */,
				4C507B4124C8BE6A0065CADE /* Info.plist */,
				4C507B6324C8BF560065CADE /* SearchViewController.swift */,
				4C507B6D24C93DCE0065CADE /* department.swift */,
				4C507B7124C93E0D0065CADE /* departmentCell.swift */,
				E824A42A24CA155B00DB47FD /* CourseDetailViewController.swift */,
				E824A42C24CA156A00DB47FD /* Course.swift */,
				4CB16FCC24CFDE57001D9FE2 /* ResultViewController.swift */,
				4CB16FD424D0ABDD001D9FE2 /* ResultCourse.swift */,
				4CB16FD624D0BB93001D9FE2 /* README.md */,
				E89B33AB24D0FDF10024647E /* Section.swift */,
				E89B33AD24D1245F0024647E /* StatsViewController.swift */,
			);
			path = "CSE438 Final Project";
			sourceTree = "<group>";
		};
		4C507B4924C8BE6A0065CADE /* CSE438 Final ProjectTests */ = {
			isa = PBXGroup;
			children = (
				4C507B4A24C8BE6A0065CADE /* CSE438_Final_ProjectTests.swift */,
				4C507B4C24C8BE6A0065CADE /* Info.plist */,
			);
			path = "CSE438 Final ProjectTests";
			sourceTree = "<group>";
		};
		4C507B5424C8BE6A0065CADE /* CSE438 Final ProjectUITests */ = {
			isa = PBXGroup;
			children = (
				4C507B5524C8BE6A0065CADE /* CSE438_Final_ProjectUITests.swift */,
				4C507B5724C8BE6A0065CADE /* Info.plist */,
			);
			path = "CSE438 Final ProjectUITests";
			sourceTree = "<group>";
		};
		7EFA296198AE03709D5D7185 /* Frameworks */ = {
			isa = PBXGroup;
			children = (
				EB7FE128E03F3C6FFD1A05AE /* Pods_CSE438_Final_Project.framework */,
				3B8CB862192371629B86E402 /* Pods_CSE438_Final_Project_CSE438_Final_ProjectUITests.framework */,
				D8DB807A365DA679C077FD3C /* Pods_CSE438_Final_ProjectTests.framework */,
			);
			name = Frameworks;
			sourceTree = "<group>";
		};
/* End PBXGroup section */

/* Begin PBXNativeTarget section */
		4C507B2F24C8BE680065CADE /* CSE438 Final Project */ = {
			isa = PBXNativeTarget;
			buildConfigurationList = 4C507B5A24C8BE6A0065CADE /* Build configuration list for PBXNativeTarget "CSE438 Final Project" */;
			buildPhases = (
				4D373926FE873F8DBB7A124B /* [CP] Check Pods Manifest.lock */,
				4C507B2C24C8BE680065CADE /* Sources */,
				4C507B2D24C8BE680065CADE /* Frameworks */,
				4C507B2E24C8BE680065CADE /* Resources */,
				471289DFEB2A775640E5DB57 /* [CP] Embed Pods Frameworks */,
			);
			buildRules = (
			);
			dependencies = (
			);
			name = "CSE438 Final Project";
			productName = "CSE438 Final Project";
			productReference = 4C507B3024C8BE680065CADE /* CSE438 Final Project.app */;
			productType = "com.apple.product-type.application";
		};
		4C507B4524C8BE6A0065CADE /* CSE438 Final ProjectTests */ = {
			isa = PBXNativeTarget;
			buildConfigurationList = 4C507B5D24C8BE6A0065CADE /* Build configuration list for PBXNativeTarget "CSE438 Final ProjectTests" */;
			buildPhases = (
				300A5C319F7E2ABD0F8415C9 /* [CP] Check Pods Manifest.lock */,
				4C507B4224C8BE6A0065CADE /* Sources */,
				4C507B4324C8BE6A0065CADE /* Frameworks */,
				4C507B4424C8BE6A0065CADE /* Resources */,
			);
			buildRules = (
			);
			dependencies = (
				4C507B4824C8BE6A0065CADE /* PBXTargetDependency */,
			);
			name = "CSE438 Final ProjectTests";
			productName = "CSE438 Final ProjectTests";
			productReference = 4C507B4624C8BE6A0065CADE /* CSE438 Final ProjectTests.xctest */;
			productType = "com.apple.product-type.bundle.unit-test";
		};
		4C507B5024C8BE6A0065CADE /* CSE438 Final ProjectUITests */ = {
			isa = PBXNativeTarget;
			buildConfigurationList = 4C507B6024C8BE6A0065CADE /* Build configuration list for PBXNativeTarget "CSE438 Final ProjectUITests" */;
			buildPhases = (
				22821B5F0960CE38D67D62FC /* [CP] Check Pods Manifest.lock */,
				4C507B4D24C8BE6A0065CADE /* Sources */,
				4C507B4E24C8BE6A0065CADE /* Frameworks */,
				4C507B4F24C8BE6A0065CADE /* Resources */,
				A231BDE759B8122A5941BE2B /* [CP] Embed Pods Frameworks */,
			);
			buildRules = (
			);
			dependencies = (
				4C507B5324C8BE6A0065CADE /* PBXTargetDependency */,
			);
			name = "CSE438 Final ProjectUITests";
			productName = "CSE438 Final ProjectUITests";
			productReference = 4C507B5124C8BE6A0065CADE /* CSE438 Final ProjectUITests.xctest */;
			productType = "com.apple.product-type.bundle.ui-testing";
		};
/* End PBXNativeTarget section */

/* Begin PBXProject section */
		4C507B2824C8BE680065CADE /* Project object */ = {
			isa = PBXProject;
			attributes = {
				LastSwiftUpdateCheck = 1160;
				LastUpgradeCheck = 1160;
				ORGANIZATIONNAME = "Michael Zhao";
				TargetAttributes = {
					4C507B2F24C8BE680065CADE = {
						CreatedOnToolsVersion = 11.6;
					};
					4C507B4524C8BE6A0065CADE = {
						CreatedOnToolsVersion = 11.6;
						TestTargetID = 4C507B2F24C8BE680065CADE;
					};
					4C507B5024C8BE6A0065CADE = {
						CreatedOnToolsVersion = 11.6;
						TestTargetID = 4C507B2F24C8BE680065CADE;
					};
				};
			};
			buildConfigurationList = 4C507B2B24C8BE680065CADE /* Build configuration list for PBXProject "CSE438 Final Project" */;
			compatibilityVersion = "Xcode 9.3";
			developmentRegion = en;
			hasScannedForEncodings = 0;
			knownRegions = (
				en,
				Base,
			);
			mainGroup = 4C507B2724C8BE680065CADE;
			productRefGroup = 4C507B3124C8BE680065CADE /* Products */;
			projectDirPath = "";
			projectRoot = "";
			targets = (
				4C507B2F24C8BE680065CADE /* CSE438 Final Project */,
				4C507B4524C8BE6A0065CADE /* CSE438 Final ProjectTests */,
				4C507B5024C8BE6A0065CADE /* CSE438 Final ProjectUITests */,
			);
		};
/* End PBXProject section */

/* Begin PBXResourcesBuildPhase section */
		4C507B2E24C8BE680065CADE /* Resources */ = {
			isa = PBXResourcesBuildPhase;
			buildActionMask = 2147483647;
			files = (
				4C507B4024C8BE6A0065CADE /* LaunchScreen.storyboard in Resources */,
				4CB16FD024CFE8D2001D9FE2 /* Result.storyboard in Resources */,
				82537FE324C912B700AA867E /* GoogleService-Info.plist in Resources */,
				4C507B3D24C8BE6A0065CADE /* Assets.xcassets in Resources */,
				4CB16FD324CFE9AA001D9FE2 /* Detail.storyboard in Resources */,
				4C507B3B24C8BE680065CADE /* Main.storyboard in Resources */,
				4C6EEDDE24C9520100A2BA8B /* Search.storyboard in Resources */,
			);
			runOnlyForDeploymentPostprocessing = 0;
		};
		4C507B4424C8BE6A0065CADE /* Resources */ = {
			isa = PBXResourcesBuildPhase;
			buildActionMask = 2147483647;
			files = (
			);
			runOnlyForDeploymentPostprocessing = 0;
		};
		4C507B4F24C8BE6A0065CADE /* Resources */ = {
			isa = PBXResourcesBuildPhase;
			buildActionMask = 2147483647;
			files = (
			);
			runOnlyForDeploymentPostprocessing = 0;
		};
/* End PBXResourcesBuildPhase section */

/* Begin PBXShellScriptBuildPhase section */
		22821B5F0960CE38D67D62FC /* [CP] Check Pods Manifest.lock */ = {
			isa = PBXShellScriptBuildPhase;
			buildActionMask = 2147483647;
			files = (
			);
			inputFileListPaths = (
			);
			inputPaths = (
				"${PODS_PODFILE_DIR_PATH}/Podfile.lock",
				"${PODS_ROOT}/Manifest.lock",
			);
			name = "[CP] Check Pods Manifest.lock";
			outputFileListPaths = (
			);
			outputPaths = (
				"$(DERIVED_FILE_DIR)/Pods-CSE438 Final Project-CSE438 Final ProjectUITests-checkManifestLockResult.txt",
			);
			runOnlyForDeploymentPostprocessing = 0;
			shellPath = /bin/sh;
			shellScript = "diff \"${PODS_PODFILE_DIR_PATH}/Podfile.lock\" \"${PODS_ROOT}/Manifest.lock\" > /dev/null\nif [ $? != 0 ] ; then\n    # print error to STDERR\n    echo \"error: The sandbox is not in sync with the Podfile.lock. Run 'pod install' or update your CocoaPods installation.\" >&2\n    exit 1\nfi\n# This output is used by Xcode 'outputs' to avoid re-running this script phase.\necho \"SUCCESS\" > \"${SCRIPT_OUTPUT_FILE_0}\"\n";
			showEnvVarsInLog = 0;
		};
		300A5C319F7E2ABD0F8415C9 /* [CP] Check Pods Manifest.lock */ = {
			isa = PBXShellScriptBuildPhase;
			buildActionMask = 2147483647;
			files = (
			);
			inputFileListPaths = (
			);
			inputPaths = (
				"${PODS_PODFILE_DIR_PATH}/Podfile.lock",
				"${PODS_ROOT}/Manifest.lock",
			);
			name = "[CP] Check Pods Manifest.lock";
			outputFileListPaths = (
			);
			outputPaths = (
				"$(DERIVED_FILE_DIR)/Pods-CSE438 Final ProjectTests-checkManifestLockResult.txt",
			);
			runOnlyForDeploymentPostprocessing = 0;
			shellPath = /bin/sh;
			shellScript = "diff \"${PODS_PODFILE_DIR_PATH}/Podfile.lock\" \"${PODS_ROOT}/Manifest.lock\" > /dev/null\nif [ $? != 0 ] ; then\n    # print error to STDERR\n    echo \"error: The sandbox is not in sync with the Podfile.lock. Run 'pod install' or update your CocoaPods installation.\" >&2\n    exit 1\nfi\n# This output is used by Xcode 'outputs' to avoid re-running this script phase.\necho \"SUCCESS\" > \"${SCRIPT_OUTPUT_FILE_0}\"\n";
			showEnvVarsInLog = 0;
		};
		471289DFEB2A775640E5DB57 /* [CP] Embed Pods Frameworks */ = {
			isa = PBXShellScriptBuildPhase;
			buildActionMask = 2147483647;
			files = (
			);
			inputFileListPaths = (
				"${PODS_ROOT}/Target Support Files/Pods-CSE438 Final Project/Pods-CSE438 Final Project-frameworks-${CONFIGURATION}-input-files.xcfilelist",
			);
			name = "[CP] Embed Pods Frameworks";
			outputFileListPaths = (
				"${PODS_ROOT}/Target Support Files/Pods-CSE438 Final Project/Pods-CSE438 Final Project-frameworks-${CONFIGURATION}-output-files.xcfilelist",
			);
			runOnlyForDeploymentPostprocessing = 0;
			shellPath = /bin/sh;
			shellScript = "\"${PODS_ROOT}/Target Support Files/Pods-CSE438 Final Project/Pods-CSE438 Final Project-frameworks.sh\"\n";
			showEnvVarsInLog = 0;
		};
		4D373926FE873F8DBB7A124B /* [CP] Check Pods Manifest.lock */ = {
			isa = PBXShellScriptBuildPhase;
			buildActionMask = 2147483647;
			files = (
			);
			inputFileListPaths = (
			);
			inputPaths = (
				"${PODS_PODFILE_DIR_PATH}/Podfile.lock",
				"${PODS_ROOT}/Manifest.lock",
			);
			name = "[CP] Check Pods Manifest.lock";
			outputFileListPaths = (
			);
			outputPaths = (
				"$(DERIVED_FILE_DIR)/Pods-CSE438 Final Project-checkManifestLockResult.txt",
			);
			runOnlyForDeploymentPostprocessing = 0;
			shellPath = /bin/sh;
			shellScript = "diff \"${PODS_PODFILE_DIR_PATH}/Podfile.lock\" \"${PODS_ROOT}/Manifest.lock\" > /dev/null\nif [ $? != 0 ] ; then\n    # print error to STDERR\n    echo \"error: The sandbox is not in sync with the Podfile.lock. Run 'pod install' or update your CocoaPods installation.\" >&2\n    exit 1\nfi\n# This output is used by Xcode 'outputs' to avoid re-running this script phase.\necho \"SUCCESS\" > \"${SCRIPT_OUTPUT_FILE_0}\"\n";
			showEnvVarsInLog = 0;
		};
		A231BDE759B8122A5941BE2B /* [CP] Embed Pods Frameworks */ = {
			isa = PBXShellScriptBuildPhase;
			buildActionMask = 2147483647;
			files = (
			);
			inputFileListPaths = (
				"${PODS_ROOT}/Target Support Files/Pods-CSE438 Final Project-CSE438 Final ProjectUITests/Pods-CSE438 Final Project-CSE438 Final ProjectUITests-frameworks-${CONFIGURATION}-input-files.xcfilelist",
			);
			name = "[CP] Embed Pods Frameworks";
			outputFileListPaths = (
				"${PODS_ROOT}/Target Support Files/Pods-CSE438 Final Project-CSE438 Final ProjectUITests/Pods-CSE438 Final Project-CSE438 Final ProjectUITests-frameworks-${CONFIGURATION}-output-files.xcfilelist",
			);
			runOnlyForDeploymentPostprocessing = 0;
			shellPath = /bin/sh;
			shellScript = "\"${PODS_ROOT}/Target Support Files/Pods-CSE438 Final Project-CSE438 Final ProjectUITests/Pods-CSE438 Final Project-CSE438 Final ProjectUITests-frameworks.sh\"\n";
			showEnvVarsInLog = 0;
		};
/* End PBXShellScriptBuildPhase section */

/* Begin PBXSourcesBuildPhase section */
		4C507B2C24C8BE680065CADE /* Sources */ = {
			isa = PBXSourcesBuildPhase;
			buildActionMask = 2147483647;
			files = (
				E824A42D24CA156A00DB47FD /* Course.swift in Sources */,
				4C507B3824C8BE680065CADE /* LogInViewController.swift in Sources */,
				4C507B6424C8BF560065CADE /* SearchViewController.swift in Sources */,
				4C507B3424C8BE680065CADE /* AppDelegate.swift in Sources */,
				E89B33AA24D0CAA30024647E /* CourseInfoViewController.swift in Sources */,
				4C507B7224C93E0D0065CADE /* departmentCell.swift in Sources */,
				4CB16FD524D0ABDD001D9FE2 /* ResultCourse.swift in Sources */,
				4C507B6E24C93DCE0065CADE /* department.swift in Sources */,
				E89B33AE24D1245F0024647E /* StatsViewController.swift in Sources */,
				4C507B3624C8BE680065CADE /* SceneDelegate.swift in Sources */,
				E89B33AC24D0FDF10024647E /* Section.swift in Sources */,
				E824A42B24CA155C00DB47FD /* CourseDetailViewController.swift in Sources */,
				4CB16FCD24CFDE57001D9FE2 /* ResultViewController.swift in Sources */,
			);
			runOnlyForDeploymentPostprocessing = 0;
		};
		4C507B4224C8BE6A0065CADE /* Sources */ = {
			isa = PBXSourcesBuildPhase;
			buildActionMask = 2147483647;
			files = (
				4C507B4B24C8BE6A0065CADE /* CSE438_Final_ProjectTests.swift in Sources */,
			);
			runOnlyForDeploymentPostprocessing = 0;
		};
		4C507B4D24C8BE6A0065CADE /* Sources */ = {
			isa = PBXSourcesBuildPhase;
			buildActionMask = 2147483647;
			files = (
				4C507B5624C8BE6A0065CADE /* CSE438_Final_ProjectUITests.swift in Sources */,
			);
			runOnlyForDeploymentPostprocessing = 0;
		};
/* End PBXSourcesBuildPhase section */

/* Begin PBXTargetDependency section */
		4C507B4824C8BE6A0065CADE /* PBXTargetDependency */ = {
			isa = PBXTargetDependency;
			target = 4C507B2F24C8BE680065CADE /* CSE438 Final Project */;
			targetProxy = 4C507B4724C8BE6A0065CADE /* PBXContainerItemProxy */;
		};
		4C507B5324C8BE6A0065CADE /* PBXTargetDependency */ = {
			isa = PBXTargetDependency;
			target = 4C507B2F24C8BE680065CADE /* CSE438 Final Project */;
			targetProxy = 4C507B5224C8BE6A0065CADE /* PBXContainerItemProxy */;
		};
/* End PBXTargetDependency section */

/* Begin PBXVariantGroup section */
		4C507B3924C8BE680065CADE /* Main.storyboard */ = {
			isa = PBXVariantGroup;
			children = (
				4C507B3A24C8BE680065CADE /* Base */,
			);
			name = Main.storyboard;
			sourceTree = "<group>";
		};
		4C507B3E24C8BE6A0065CADE /* LaunchScreen.storyboard */ = {
			isa = PBXVariantGroup;
			children = (
				4C507B3F24C8BE6A0065CADE /* Base */,
			);
			name = LaunchScreen.storyboard;
			sourceTree = "<group>";
		};
		4C6EEDDC24C9520100A2BA8B /* Search.storyboard */ = {
			isa = PBXVariantGroup;
			children = (
				4C6EEDDD24C9520100A2BA8B /* Base */,
			);
			name = Search.storyboard;
			sourceTree = "<group>";
		};
		4CB16FCE24CFE8D2001D9FE2 /* Result.storyboard */ = {
			isa = PBXVariantGroup;
			children = (
				4CB16FCF24CFE8D2001D9FE2 /* Base */,
			);
			name = Result.storyboard;
			sourceTree = "<group>";
		};
		4CB16FD124CFE9AA001D9FE2 /* Detail.storyboard */ = {
			isa = PBXVariantGroup;
			children = (
				4CB16FD224CFE9AA001D9FE2 /* Base */,
			);
			name = Detail.storyboard;
			sourceTree = "<group>";
		};
/* End PBXVariantGroup section */

/* Begin XCBuildConfiguration section */
		4C507B5824C8BE6A0065CADE /* Debug */ = {
			isa = XCBuildConfiguration;
			buildSettings = {
				ALWAYS_SEARCH_USER_PATHS = NO;
				CLANG_ANALYZER_NONNULL = YES;
				CLANG_ANALYZER_NUMBER_OBJECT_CONVERSION = YES_AGGRESSIVE;
				CLANG_CXX_LANGUAGE_STANDARD = "gnu++14";
				CLANG_CXX_LIBRARY = "libc++";
				CLANG_ENABLE_MODULES = YES;
				CLANG_ENABLE_OBJC_ARC = YES;
				CLANG_ENABLE_OBJC_WEAK = YES;
				CLANG_WARN_BLOCK_CAPTURE_AUTORELEASING = YES;
				CLANG_WARN_BOOL_CONVERSION = YES;
				CLANG_WARN_COMMA = YES;
				CLANG_WARN_CONSTANT_CONVERSION = YES;
				CLANG_WARN_DEPRECATED_OBJC_IMPLEMENTATIONS = YES;
				CLANG_WARN_DIRECT_OBJC_ISA_USAGE = YES_ERROR;
				CLANG_WARN_DOCUMENTATION_COMMENTS = YES;
				CLANG_WARN_EMPTY_BODY = YES;
				CLANG_WARN_ENUM_CONVERSION = YES;
				CLANG_WARN_INFINITE_RECURSION = YES;
				CLANG_WARN_INT_CONVERSION = YES;
				CLANG_WARN_NON_LITERAL_NULL_CONVERSION = YES;
				CLANG_WARN_OBJC_IMPLICIT_RETAIN_SELF = YES;
				CLANG_WARN_OBJC_LITERAL_CONVERSION = YES;
				CLANG_WARN_OBJC_ROOT_CLASS = YES_ERROR;
				CLANG_WARN_RANGE_LOOP_ANALYSIS = YES;
				CLANG_WARN_STRICT_PROTOTYPES = YES;
				CLANG_WARN_SUSPICIOUS_MOVE = YES;
				CLANG_WARN_UNGUARDED_AVAILABILITY = YES_AGGRESSIVE;
				CLANG_WARN_UNREACHABLE_CODE = YES;
				CLANG_WARN__DUPLICATE_METHOD_MATCH = YES;
				COPY_PHASE_STRIP = NO;
				DEBUG_INFORMATION_FORMAT = dwarf;
				ENABLE_STRICT_OBJC_MSGSEND = YES;
				ENABLE_TESTABILITY = YES;
				GCC_C_LANGUAGE_STANDARD = gnu11;
				GCC_DYNAMIC_NO_PIC = NO;
				GCC_NO_COMMON_BLOCKS = YES;
				GCC_OPTIMIZATION_LEVEL = 0;
				GCC_PREPROCESSOR_DEFINITIONS = (
					"DEBUG=1",
					"$(inherited)",
				);
				GCC_WARN_64_TO_32_BIT_CONVERSION = YES;
				GCC_WARN_ABOUT_RETURN_TYPE = YES_ERROR;
				GCC_WARN_UNDECLARED_SELECTOR = YES;
				GCC_WARN_UNINITIALIZED_AUTOS = YES_AGGRESSIVE;
				GCC_WARN_UNUSED_FUNCTION = YES;
				GCC_WARN_UNUSED_VARIABLE = YES;
				IPHONEOS_DEPLOYMENT_TARGET = 13.6;
				MTL_ENABLE_DEBUG_INFO = INCLUDE_SOURCE;
				MTL_FAST_MATH = YES;
				ONLY_ACTIVE_ARCH = YES;
				SDKROOT = iphoneos;
				SWIFT_ACTIVE_COMPILATION_CONDITIONS = DEBUG;
				SWIFT_OPTIMIZATION_LEVEL = "-Onone";
			};
			name = Debug;
		};
		4C507B5924C8BE6A0065CADE /* Release */ = {
			isa = XCBuildConfiguration;
			buildSettings = {
				ALWAYS_SEARCH_USER_PATHS = NO;
				CLANG_ANALYZER_NONNULL = YES;
				CLANG_ANALYZER_NUMBER_OBJECT_CONVERSION = YES_AGGRESSIVE;
				CLANG_CXX_LANGUAGE_STANDARD = "gnu++14";
				CLANG_CXX_LIBRARY = "libc++";
				CLANG_ENABLE_MODULES = YES;
				CLANG_ENABLE_OBJC_ARC = YES;
				CLANG_ENABLE_OBJC_WEAK = YES;
				CLANG_WARN_BLOCK_CAPTURE_AUTORELEASING = YES;
				CLANG_WARN_BOOL_CONVERSION = YES;
				CLANG_WARN_COMMA = YES;
				CLANG_WARN_CONSTANT_CONVERSION = YES;
				CLANG_WARN_DEPRECATED_OBJC_IMPLEMENTATIONS = YES;
				CLANG_WARN_DIRECT_OBJC_ISA_USAGE = YES_ERROR;
				CLANG_WARN_DOCUMENTATION_COMMENTS = YES;
				CLANG_WARN_EMPTY_BODY = YES;
				CLANG_WARN_ENUM_CONVERSION = YES;
				CLANG_WARN_INFINITE_RECURSION = YES;
				CLANG_WARN_INT_CONVERSION = YES;
				CLANG_WARN_NON_LITERAL_NULL_CONVERSION = YES;
				CLANG_WARN_OBJC_IMPLICIT_RETAIN_SELF = YES;
				CLANG_WARN_OBJC_LITERAL_CONVERSION = YES;
				CLANG_WARN_OBJC_ROOT_CLASS = YES_ERROR;
				CLANG_WARN_RANGE_LOOP_ANALYSIS = YES;
				CLANG_WARN_STRICT_PROTOTYPES = YES;
				CLANG_WARN_SUSPICIOUS_MOVE = YES;
				CLANG_WARN_UNGUARDED_AVAILABILITY = YES_AGGRESSIVE;
				CLANG_WARN_UNREACHABLE_CODE = YES;
				CLANG_WARN__DUPLICATE_METHOD_MATCH = YES;
				COPY_PHASE_STRIP = NO;
				DEBUG_INFORMATION_FORMAT = "dwarf-with-dsym";
				ENABLE_NS_ASSERTIONS = NO;
				ENABLE_STRICT_OBJC_MSGSEND = YES;
				GCC_C_LANGUAGE_STANDARD = gnu11;
				GCC_NO_COMMON_BLOCKS = YES;
				GCC_WARN_64_TO_32_BIT_CONVERSION = YES;
				GCC_WARN_ABOUT_RETURN_TYPE = YES_ERROR;
				GCC_WARN_UNDECLARED_SELECTOR = YES;
				GCC_WARN_UNINITIALIZED_AUTOS = YES_AGGRESSIVE;
				GCC_WARN_UNUSED_FUNCTION = YES;
				GCC_WARN_UNUSED_VARIABLE = YES;
				IPHONEOS_DEPLOYMENT_TARGET = 13.6;
				MTL_ENABLE_DEBUG_INFO = NO;
				MTL_FAST_MATH = YES;
				SDKROOT = iphoneos;
				SWIFT_COMPILATION_MODE = wholemodule;
				SWIFT_OPTIMIZATION_LEVEL = "-O";
				VALIDATE_PRODUCT = YES;
			};
			name = Release;
		};
		4C507B5B24C8BE6A0065CADE /* Debug */ = {
			isa = XCBuildConfiguration;
			baseConfigurationReference = 053E12508F61AFBAB9923047 /* Pods-CSE438 Final Project.debug.xcconfig */;
			buildSettings = {
				ASSETCATALOG_COMPILER_APPICON_NAME = AppIcon;
				CODE_SIGN_ENTITLEMENTS = "CSE438 Final Project/CSE438 Final Project.entitlements";
				CODE_SIGN_STYLE = Automatic;
				DEVELOPMENT_TEAM = A95UGD73LG;
				INFOPLIST_FILE = "CSE438 Final Project/Info.plist";
				IPHONEOS_DEPLOYMENT_TARGET = 13.2;
				LD_RUNPATH_SEARCH_PATHS = (
					"$(inherited)",
					"@executable_path/Frameworks",
				);
				PRODUCT_BUNDLE_IDENTIFIER = "MichaelZhao.CSE438-Final-Project";
				PRODUCT_NAME = "$(TARGET_NAME)";
				SUPPORTS_MACCATALYST = NO;
				SWIFT_VERSION = 5.0;
				TARGETED_DEVICE_FAMILY = "1,2";
			};
			name = Debug;
		};
		4C507B5C24C8BE6A0065CADE /* Release */ = {
			isa = XCBuildConfiguration;
			baseConfigurationReference = 9623840A00100084C6E8DF7E /* Pods-CSE438 Final Project.release.xcconfig */;
			buildSettings = {
				ASSETCATALOG_COMPILER_APPICON_NAME = AppIcon;
				CODE_SIGN_ENTITLEMENTS = "CSE438 Final Project/CSE438 Final Project.entitlements";
				CODE_SIGN_STYLE = Automatic;
				DEVELOPMENT_TEAM = A95UGD73LG;
				INFOPLIST_FILE = "CSE438 Final Project/Info.plist";
				IPHONEOS_DEPLOYMENT_TARGET = 13.2;
				LD_RUNPATH_SEARCH_PATHS = (
					"$(inherited)",
					"@executable_path/Frameworks",
				);
				PRODUCT_BUNDLE_IDENTIFIER = "MichaelZhao.CSE438-Final-Project";
				PRODUCT_NAME = "$(TARGET_NAME)";
				SUPPORTS_MACCATALYST = NO;
				SWIFT_VERSION = 5.0;
				TARGETED_DEVICE_FAMILY = "1,2";
			};
			name = Release;
		};
		4C507B5E24C8BE6A0065CADE /* Debug */ = {
			isa = XCBuildConfiguration;
			baseConfigurationReference = CC2DC004AADC1F5DAE14E347 /* Pods-CSE438 Final ProjectTests.debug.xcconfig */;
			buildSettings = {
				ALWAYS_EMBED_SWIFT_STANDARD_LIBRARIES = YES;
				BUNDLE_LOADER = "$(TEST_HOST)";
				CODE_SIGN_STYLE = Automatic;
				INFOPLIST_FILE = "CSE438 Final ProjectTests/Info.plist";
				IPHONEOS_DEPLOYMENT_TARGET = 13.6;
				LD_RUNPATH_SEARCH_PATHS = (
					"$(inherited)",
					"@executable_path/Frameworks",
					"@loader_path/Frameworks",
				);
				PRODUCT_BUNDLE_IDENTIFIER = "MichaelZhao.CSE438-Final-ProjectTests";
				PRODUCT_NAME = "$(TARGET_NAME)";
				SWIFT_VERSION = 5.0;
				TARGETED_DEVICE_FAMILY = "1,2";
				TEST_HOST = "$(BUILT_PRODUCTS_DIR)/CSE438 Final Project.app/CSE438 Final Project";
			};
			name = Debug;
		};
		4C507B5F24C8BE6A0065CADE /* Release */ = {
			isa = XCBuildConfiguration;
			baseConfigurationReference = CAFBBD436D72E19A7C5D605D /* Pods-CSE438 Final ProjectTests.release.xcconfig */;
			buildSettings = {
				ALWAYS_EMBED_SWIFT_STANDARD_LIBRARIES = YES;
				BUNDLE_LOADER = "$(TEST_HOST)";
				CODE_SIGN_STYLE = Automatic;
				INFOPLIST_FILE = "CSE438 Final ProjectTests/Info.plist";
				IPHONEOS_DEPLOYMENT_TARGET = 13.6;
				LD_RUNPATH_SEARCH_PATHS = (
					"$(inherited)",
					"@executable_path/Frameworks",
					"@loader_path/Frameworks",
				);
				PRODUCT_BUNDLE_IDENTIFIER = "MichaelZhao.CSE438-Final-ProjectTests";
				PRODUCT_NAME = "$(TARGET_NAME)";
				SWIFT_VERSION = 5.0;
				TARGETED_DEVICE_FAMILY = "1,2";
				TEST_HOST = "$(BUILT_PRODUCTS_DIR)/CSE438 Final Project.app/CSE438 Final Project";
			};
			name = Release;
		};
		4C507B6124C8BE6A0065CADE /* Debug */ = {
			isa = XCBuildConfiguration;
			baseConfigurationReference = DD5334C4E6CEBB70EFDDE06E /* Pods-CSE438 Final Project-CSE438 Final ProjectUITests.debug.xcconfig */;
			buildSettings = {
				ALWAYS_EMBED_SWIFT_STANDARD_LIBRARIES = YES;
				CODE_SIGN_STYLE = Automatic;
				INFOPLIST_FILE = "CSE438 Final ProjectUITests/Info.plist";
				LD_RUNPATH_SEARCH_PATHS = (
					"$(inherited)",
					"@executable_path/Frameworks",
					"@loader_path/Frameworks",
				);
				PRODUCT_BUNDLE_IDENTIFIER = "MichaelZhao.CSE438-Final-ProjectUITests";
				PRODUCT_NAME = "$(TARGET_NAME)";
				SWIFT_VERSION = 5.0;
				TARGETED_DEVICE_FAMILY = "1,2";
				TEST_TARGET_NAME = "CSE438 Final Project";
			};
			name = Debug;
		};
		4C507B6224C8BE6A0065CADE /* Release */ = {
			isa = XCBuildConfiguration;
			baseConfigurationReference = CDF329E7DB92F256956B6E62 /* Pods-CSE438 Final Project-CSE438 Final ProjectUITests.release.xcconfig */;
			buildSettings = {
				ALWAYS_EMBED_SWIFT_STANDARD_LIBRARIES = YES;
				CODE_SIGN_STYLE = Automatic;
				INFOPLIST_FILE = "CSE438 Final ProjectUITests/Info.plist";
				LD_RUNPATH_SEARCH_PATHS = (
					"$(inherited)",
					"@executable_path/Frameworks",
					"@loader_path/Frameworks",
				);
				PRODUCT_BUNDLE_IDENTIFIER = "MichaelZhao.CSE438-Final-ProjectUITests";
				PRODUCT_NAME = "$(TARGET_NAME)";
				SWIFT_VERSION = 5.0;
				TARGETED_DEVICE_FAMILY = "1,2";
				TEST_TARGET_NAME = "CSE438 Final Project";
			};
			name = Release;
		};
/* End XCBuildConfiguration section */

/* Begin XCConfigurationList section */
		4C507B2B24C8BE680065CADE /* Build configuration list for PBXProject "CSE438 Final Project" */ = {
			isa = XCConfigurationList;
			buildConfigurations = (
				4C507B5824C8BE6A0065CADE /* Debug */,
				4C507B5924C8BE6A0065CADE /* Release */,
			);
			defaultConfigurationIsVisible = 0;
			defaultConfigurationName = Release;
		};
		4C507B5A24C8BE6A0065CADE /* Build configuration list for PBXNativeTarget "CSE438 Final Project" */ = {
			isa = XCConfigurationList;
			buildConfigurations = (
				4C507B5B24C8BE6A0065CADE /* Debug */,
				4C507B5C24C8BE6A0065CADE /* Release */,
			);
			defaultConfigurationIsVisible = 0;
			defaultConfigurationName = Release;
		};
		4C507B5D24C8BE6A0065CADE /* Build configuration list for PBXNativeTarget "CSE438 Final ProjectTests" */ = {
			isa = XCConfigurationList;
			buildConfigurations = (
				4C507B5E24C8BE6A0065CADE /* Debug */,
				4C507B5F24C8BE6A0065CADE /* Release */,
			);
			defaultConfigurationIsVisible = 0;
			defaultConfigurationName = Release;
		};
		4C507B6024C8BE6A0065CADE /* Build configuration list for PBXNativeTarget "CSE438 Final ProjectUITests" */ = {
			isa = XCConfigurationList;
			buildConfigurations = (
				4C507B6124C8BE6A0065CADE /* Debug */,
				4C507B6224C8BE6A0065CADE /* Release */,
			);
			defaultConfigurationIsVisible = 0;
			defaultConfigurationName = Release;
		};
/* End XCConfigurationList section */
	};
	rootObject = 4C507B2824C8BE680065CADE /* Project object */;
}
